
Microsoft Visual Studio Solution File, Format Version 12.00
# Visual Studio 15
VisualStudioVersion = 15.0.28307.572
MinimumVisualStudioVersion = 10.0.40219.1
Project("{FAE04EC0-301F-11D3-BF4B-00C04F79EFBC}") = "AlgAnalysisandSUmmation", "AlgAnalysisandSUmmation\AlgAnalysisandSUmmation.csproj", "{8054E10D-6E28-4261-845A-108298A0E0D5}"
EndProject
Project("{FAE04EC0-301F-11D3-BF4B-00C04F79EFBC}") = "RecursiveAnalysis", "RecursiveAnalysis\RecursiveAnalysis.csproj", "{CA85CDD1-CE14-4D3A-A239-F4991565966A}"
EndProject
Global
	GlobalSection(SolutionConfigurationPlatforms) = preSolution
		Debug|Any CPU = Debug|Any CPU
		Release|Any CPU = Release|Any CPU
	EndGlobalSection
	GlobalSection(ProjectConfigurationPlatforms) = postSolution
		{8054E10D-6E28-4261-845A-108298A0E0D5}.Debug|Any CPU.ActiveCfg = Debug|Any CPU
		{8054E10D-6E28-4261-845A-108298A0E0D5}.Debug|Any CPU.Build.0 = Debug|Any CPU
		{8054E10D-6E28-4261-845A-108298A0E0D5}.Release|Any CPU.ActiveCfg = Release|Any CPU
		{8054E10D-6E28-4261-845A-108298A0E0D5}.Release|Any CPU.Build.0 = Release|Any CPU
		{CA85CDD1-CE14-4D3A-A239-F4991565966A}.Debug|Any CPU.ActiveCfg = Debug|Any CPU
		{CA85CDD1-CE14-4D3A-A239-F4991565966A}.Debug|Any CPU.Build.0 = Debug|Any CPU
		{CA85CDD1-CE14-4D3A-A239-F4991565966A}.Release|Any CPU.ActiveCfg = Release|Any CPU
		{CA85CDD1-CE14-4D3A-A239-F4991565966A}.Release|Any CPU.Build.0 = Release|Any CPU
	EndGlobalSection
	GlobalSection(SolutionProperties) = preSolution
		HideSolutionNode = FALSE
	EndGlobalSection
	GlobalSection(ExtensibilityGlobals) = postSolution
		SolutionGuid = {44FA1F68-73F3-4095-9DAC-F164FFA3F663}
	EndGlobalSection
EndGlobal
