
Microsoft Visual Studio Solution File, Format Version 12.00
# Visual Studio 15
VisualStudioVersion = 15.0.28307.572
MinimumVisualStudioVersion = 10.0.40219.1
Project("{FAE04EC0-301F-11D3-BF4B-00C04F79EFBC}") = "IsomorphicStrings", "IsomorphicStrings\IsomorphicStrings.csproj", "{948B5F10-BA5D-456F-A986-9E65C344C991}"
EndProject
Global
	GlobalSection(SolutionConfigurationPlatforms) = preSolution
		Debug|Any CPU = Debug|Any CPU
		Release|Any CPU = Release|Any CPU
	EndGlobalSection
	GlobalSection(ProjectConfigurationPlatforms) = postSolution
		{948B5F10-BA5D-456F-A986-9E65C344C991}.Debug|Any CPU.ActiveCfg = Debug|Any CPU
		{948B5F10-BA5D-456F-A986-9E65C344C991}.Debug|Any CPU.Build.0 = Debug|Any CPU
		{948B5F10-BA5D-456F-A986-9E65C344C991}.Release|Any CPU.ActiveCfg = Release|Any CPU
		{948B5F10-BA5D-456F-A986-9E65C344C991}.Release|Any CPU.Build.0 = Release|Any CPU
	EndGlobalSection
	GlobalSection(SolutionProperties) = preSolution
		HideSolutionNode = FALSE
	EndGlobalSection
	GlobalSection(ExtensibilityGlobals) = postSolution
		SolutionGuid = {26854F40-2AF0-4B35-ADAF-3A130DE9C7C7}
	EndGlobalSection
EndGlobal
