
Microsoft Visual Studio Solution File, Format Version 12.00
# Visual Studio 15
VisualStudioVersion = 15.0.28307.572
MinimumVisualStudioVersion = 10.0.40219.1
Project("{FAE04EC0-301F-11D3-BF4B-00C04F79EFBC}") = "sortedArraysBs", "sortedArraysBs\sortedArraysBs.csproj", "{CBC084FE-27A9-43E8-A38F-AEF0CF9A834F}"
EndProject
Project("{FAE04EC0-301F-11D3-BF4B-00C04F79EFBC}") = "minMaxAvgOneIter", "minMaxAvgOneIter\minMaxAvgOneIter.csproj", "{A8F9A0F1-7AF2-413C-BBA4-67A91F547DA8}"
EndProject
Global
	GlobalSection(SolutionConfigurationPlatforms) = preSolution
		Debug|Any CPU = Debug|Any CPU
		Release|Any CPU = Release|Any CPU
	EndGlobalSection
	GlobalSection(ProjectConfigurationPlatforms) = postSolution
		{CBC084FE-27A9-43E8-A38F-AEF0CF9A834F}.Debug|Any CPU.ActiveCfg = Debug|Any CPU
		{CBC084FE-27A9-43E8-A38F-AEF0CF9A834F}.Debug|Any CPU.Build.0 = Debug|Any CPU
		{CBC084FE-27A9-43E8-A38F-AEF0CF9A834F}.Release|Any CPU.ActiveCfg = Release|Any CPU
		{CBC084FE-27A9-43E8-A38F-AEF0CF9A834F}.Release|Any CPU.Build.0 = Release|Any CPU
		{A8F9A0F1-7AF2-413C-BBA4-67A91F547DA8}.Debug|Any CPU.ActiveCfg = Debug|Any CPU
		{A8F9A0F1-7AF2-413C-BBA4-67A91F547DA8}.Debug|Any CPU.Build.0 = Debug|Any CPU
		{A8F9A0F1-7AF2-413C-BBA4-67A91F547DA8}.Release|Any CPU.ActiveCfg = Release|Any CPU
		{A8F9A0F1-7AF2-413C-BBA4-67A91F547DA8}.Release|Any CPU.Build.0 = Release|Any CPU
	EndGlobalSection
	GlobalSection(SolutionProperties) = preSolution
		HideSolutionNode = FALSE
	EndGlobalSection
	GlobalSection(ExtensibilityGlobals) = postSolution
		SolutionGuid = {CBA50C16-81AF-4983-862E-7B770796D2B5}
	EndGlobalSection
EndGlobal
