
Microsoft Visual Studio Solution File, Format Version 12.00
# Visual Studio 15
VisualStudioVersion = 15.0.28307.572
MinimumVisualStudioVersion = 10.0.40219.1
Project("{FAE04EC0-301F-11D3-BF4B-00C04F79EFBC}") = "TakeAWalk", "TakeAWalk\TakeAWalk.csproj", "{D3AB4D7C-8487-4920-BCB5-A2B0D9485710}"
EndProject
Project("{FAE04EC0-301F-11D3-BF4B-00C04F79EFBC}") = "IsMyFriendCheating", "IsMyFriendCheating\IsMyFriendCheating.csproj", "{11E974C1-DCE4-496E-9D64-8E0346A017BA}"
EndProject
Global
	GlobalSection(SolutionConfigurationPlatforms) = preSolution
		Debug|Any CPU = Debug|Any CPU
		Release|Any CPU = Release|Any CPU
	EndGlobalSection
	GlobalSection(ProjectConfigurationPlatforms) = postSolution
		{D3AB4D7C-8487-4920-BCB5-A2B0D9485710}.Debug|Any CPU.ActiveCfg = Debug|Any CPU
		{D3AB4D7C-8487-4920-BCB5-A2B0D9485710}.Debug|Any CPU.Build.0 = Debug|Any CPU
		{D3AB4D7C-8487-4920-BCB5-A2B0D9485710}.Release|Any CPU.ActiveCfg = Release|Any CPU
		{D3AB4D7C-8487-4920-BCB5-A2B0D9485710}.Release|Any CPU.Build.0 = Release|Any CPU
		{11E974C1-DCE4-496E-9D64-8E0346A017BA}.Debug|Any CPU.ActiveCfg = Debug|Any CPU
		{11E974C1-DCE4-496E-9D64-8E0346A017BA}.Debug|Any CPU.Build.0 = Debug|Any CPU
		{11E974C1-DCE4-496E-9D64-8E0346A017BA}.Release|Any CPU.ActiveCfg = Release|Any CPU
		{11E974C1-DCE4-496E-9D64-8E0346A017BA}.Release|Any CPU.Build.0 = Release|Any CPU
	EndGlobalSection
	GlobalSection(SolutionProperties) = preSolution
		HideSolutionNode = FALSE
	EndGlobalSection
	GlobalSection(ExtensibilityGlobals) = postSolution
		SolutionGuid = {3C78F53F-A509-4011-AB5C-6D9BFDB04CD8}
	EndGlobalSection
EndGlobal
