
Microsoft Visual Studio Solution File, Format Version 12.00
# Visual Studio 15
VisualStudioVersion = 15.0.28307.572
MinimumVisualStudioVersion = 10.0.40219.1
Project("{FAE04EC0-301F-11D3-BF4B-00C04F79EFBC}") = "SortingPart1", "SortingPart1\SortingPart1.csproj", "{FD155AD5-A487-43EF-8AA5-DCB1CD7EC662}"
EndProject
Global
	GlobalSection(SolutionConfigurationPlatforms) = preSolution
		Debug|Any CPU = Debug|Any CPU
		Release|Any CPU = Release|Any CPU
	EndGlobalSection
	GlobalSection(ProjectConfigurationPlatforms) = postSolution
		{FD155AD5-A487-43EF-8AA5-DCB1CD7EC662}.Debug|Any CPU.ActiveCfg = Debug|Any CPU
		{FD155AD5-A487-43EF-8AA5-DCB1CD7EC662}.Debug|Any CPU.Build.0 = Debug|Any CPU
		{FD155AD5-A487-43EF-8AA5-DCB1CD7EC662}.Release|Any CPU.ActiveCfg = Release|Any CPU
		{FD155AD5-A487-43EF-8AA5-DCB1CD7EC662}.Release|Any CPU.Build.0 = Release|Any CPU
	EndGlobalSection
	GlobalSection(SolutionProperties) = preSolution
		HideSolutionNode = FALSE
	EndGlobalSection
	GlobalSection(ExtensibilityGlobals) = postSolution
		SolutionGuid = {610C1CEC-69C5-445E-8F21-EF6CD5AF1E52}
	EndGlobalSection
EndGlobal
